
Microsoft Visual Studio Solution File, Format Version 12.00
# Visual Studio Version 17
VisualStudioVersion = 17.14.36221.1
MinimumVisualStudioVersion = 10.0.40219.1
Project("{FAE04EC0-301F-11D3-BF4B-00C04F79EFBC}") = "MasterDetails.API", "MasterDetails.API\MasterDetails.API.csproj", "{B3984D59-B704-428B-9A98-D7B7DA10FEC4}"
EndProject
Project("{54A90642-561A-4BB1-A94E-469ADEE60C69}") = "MasterDetails.Client", "MasterDetails.Client\MasterDetails.Client.esproj", "{4223BC5C-B5C0-DEB0-BECD-81986A310C51}"
EndProject
Global
	GlobalSection(SolutionConfigurationPlatforms) = preSolution
		Debug|Any CPU = Debug|Any CPU
		Release|Any CPU = Release|Any CPU
	EndGlobalSection
	GlobalSection(ProjectConfigurationPlatforms) = postSolution
		{B3984D59-B704-428B-9A98-D7B7DA10FEC4}.Debug|Any CPU.ActiveCfg = Debug|Any CPU
		{B3984D59-B704-428B-9A98-D7B7DA10FEC4}.Debug|Any CPU.Build.0 = Debug|Any CPU
		{B3984D59-B704-428B-9A98-D7B7DA10FEC4}.Release|Any CPU.ActiveCfg = Release|Any CPU
		{B3984D59-B704-428B-9A98-D7B7DA10FEC4}.Release|Any CPU.Build.0 = Release|Any CPU
		{4223BC5C-B5C0-DEB0-BECD-81986A310C51}.Debug|Any CPU.ActiveCfg = Debug|Any CPU
		{4223BC5C-B5C0-DEB0-BECD-81986A310C51}.Debug|Any CPU.Build.0 = Debug|Any CPU
		{4223BC5C-B5C0-DEB0-BECD-81986A310C51}.Debug|Any CPU.Deploy.0 = Debug|Any CPU
		{4223BC5C-B5C0-DEB0-BECD-81986A310C51}.Release|Any CPU.ActiveCfg = Release|Any CPU
		{4223BC5C-B5C0-DEB0-BECD-81986A310C51}.Release|Any CPU.Build.0 = Release|Any CPU
		{4223BC5C-B5C0-DEB0-BECD-81986A310C51}.Release|Any CPU.Deploy.0 = Release|Any CPU
	EndGlobalSection
	GlobalSection(SolutionProperties) = preSolution
		HideSolutionNode = FALSE
	EndGlobalSection
	GlobalSection(ExtensibilityGlobals) = postSolution
		SolutionGuid = {7A38D16D-5F30-44E2-ABBA-D9FDE0B90725}
	EndGlobalSection
EndGlobal
